{
  "lockfileVersion": 1,
  "configVersion": 1,
  "workspaces": {
    "": {
      "dependencies": {
        "@3-/aiapi": "^0.1.96",
        "@3-/int": "^0.1.1",
        "@3-/read": "^0.1.4",
        "@3-/retry": "^0.0.2",
        "@js-temporal/polyfill": "^0.5.1",
        "@larksuiteoapi/node-sdk": "^1.59.0",
        "dayjs": "^1.11.19",
        "js-yaml": "^4.1.1",
        "markdown-it": "^14.1.1",
        "markdown-table": "^3.0.4",
      },
      "devDependencies": {
        "oxfmt": "^0.35.0",
        "oxlint": "^1.50.0",
      },
    },
  },
  "packages": {
    "@3-/aiapi": ["@3-/aiapi@0.1.96", "", { "dependencies": { "@3-/retry": "^0.0.2", "@3-/rm_cn_space": "^0.1.3", "@3-/sleep": "^0.0.4", "@3-/txt_li": "^0.1.6", "@3-/utf8": "^0.0.4", "@tron-format/tron": "^0.1.3", "lodash-es": "^4.17.23" } }, "sha512-XxE7MD5fzfyG4ktVNlC2kSPKa7IAoZCjOH6Bf82nadcRZSt/4BaIuTDMDAK+Qx9XopszPjc71YelU/JO+A4qZw=="],

    "@3-/caller_line": ["@3-/caller_line@0.0.1", "https://registry.npmmirror.com/@3-/caller_line/-/caller_line-0.0.1.tgz", {}, "sha512-ABXNqaN3kT4CBAdi43yjQQk7gbv7wkUAvlUIk+EC6DKptfiRSJtsRnYAjX17qYprdtpnYd5o8uESbS4xEP1hSw=="],

    "@3-/int": ["@3-/int@0.1.1", "https://registry.npmmirror.com/@3-/int/-/int-0.1.1.tgz", {}, "sha512-hBH7ZmKIwSH4URleqo6U0ovTXGXGMEi2Xgr2KxPPcxSlxtoi3Mdsx6MFQz9U484bXpovJulXXwK/aUye0Gqzkw=="],

    "@3-/read": ["@3-/read@0.1.4", "", {}, "sha512-PZDRfIFuaFNAW6VjWupa7+g/3GbhES6shAgETN/RXtTdJxcIwl9HSBMy2sdfRqAc/FUeUJFL3F8PfpsdZbC8xg=="],

    "@3-/retry": ["@3-/retry@0.0.2", "https://registry.npmmirror.com/@3-/retry/-/retry-0.0.2.tgz", { "dependencies": { "@3-/caller_line": "^0.0.1", "@3-/sleep": "^0.0.3" } }, "sha512-HK3CxwBGwiD+1iduCiaXtZfS66A5B06ECi9ZHatkVrWwZGjv7tL80cXucw6wkh0QIUM5eZ3RG76Bo0k6HWXlww=="],

    "@3-/rm_cn_space": ["@3-/rm_cn_space@0.1.3", "https://registry.npmmirror.com/@3-/rm_cn_space/-/rm_cn_space-0.1.3.tgz", {}, "sha512-vfIMtsYk2qjiF6B0oBuVSANRqCtU+VANci4xOOt8euwj+X2gxjZvL9f72R4oEydy8bMU09KJL7JCjBb6Iavbjg=="],

    "@3-/sleep": ["@3-/sleep@0.0.4", "https://registry.npmmirror.com/@3-/sleep/-/sleep-0.0.4.tgz", {}, "sha512-hxWtyS7EX7efFJyJeMfEZ/csPIklA4EtYFSRKOy29E7RyPOHxRhopYlgmiPs8K4X7XrODj2P3NTJsuhGKlDYPQ=="],

    "@3-/txt_li": ["@3-/txt_li@0.1.6", "https://registry.npmmirror.com/@3-/txt_li/-/txt_li-0.1.6.tgz", {}, "sha512-E9YT/qgXc8OCbdIx5ktBJckqN2Lb0fayN+4LoK+sX6cAsCf1u+LLjAzBMilA6CFc/qVqfdiso4I4ZEBIPCJcjg=="],

    "@3-/utf8": ["@3-/utf8@0.0.4", "https://registry.npmmirror.com/@3-/utf8/-/utf8-0.0.4.tgz", {}, "sha512-hoVIOCX70JteiRPzRZ8Yw51kb/H9dWxx55oW+RQ38hHE8+/uOIriJZ024HhCYaLDKykUyDoknRbzKjjMQ++new=="],

    "@js-temporal/polyfill": ["@js-temporal/polyfill@0.5.1", "https://registry.npmmirror.com/@js-temporal/polyfill/-/polyfill-0.5.1.tgz", { "dependencies": { "jsbi": "^4.3.0" } }, "sha512-hloP58zRVCRSpgDxmqCWJNlizAlUgJFqG2ypq79DCvyv9tHjRYMDOcPFjzfl/A1/YxDvRCZz8wvZvmapQnKwFQ=="],

    "@larksuiteoapi/node-sdk": ["@larksuiteoapi/node-sdk@1.59.0", "https://registry.npmmirror.com/@larksuiteoapi/node-sdk/-/node-sdk-1.59.0.tgz", { "dependencies": { "axios": "~1.13.3", "lodash.identity": "^3.0.0", "lodash.merge": "^4.6.2", "lodash.pickby": "^4.6.0", "protobufjs": "^7.2.6", "qs": "^6.14.2", "ws": "^8.19.0" } }, "sha512-sBpkruTvZDOxnVtoTbepWKRX0j1Y1ZElQYu0x7+v088sI9pcpbVp6ZzCGn62dhrKPatzNyCJyzYCPXPYQWccrA=="],

    "@oxfmt/binding-android-arm-eabi": ["@oxfmt/binding-android-arm-eabi@0.35.0", "https://registry.npmmirror.com/@oxfmt/binding-android-arm-eabi/-/binding-android-arm-eabi-0.35.0.tgz", { "os": "android", "cpu": "arm" }, "sha512-BaRKlM3DyG81y/xWTsE6gZiv89F/3pHe2BqX2H4JbiB8HNVlWWtplzgATAE5IDSdwChdeuWLDTQzJ92Lglw3ZA=="],

    "@oxfmt/binding-android-arm64": ["@oxfmt/binding-android-arm64@0.35.0", "https://registry.npmmirror.com/@oxfmt/binding-android-arm64/-/binding-android-arm64-0.35.0.tgz", { "os": "android", "cpu": "arm64" }, "sha512-/O+EbuAJYs6nde/anv+aID6uHsGQApyE9JtYBo/79KyU8e6RBN3DMbT0ix97y1SOnCglurmL2iZ+hlohjP2PnQ=="],

    "@oxfmt/binding-darwin-arm64": ["@oxfmt/binding-darwin-arm64@0.35.0", "https://registry.npmmirror.com/@oxfmt/binding-darwin-arm64/-/binding-darwin-arm64-0.35.0.tgz", { "os": "darwin", "cpu": "arm64" }, "sha512-pGqRtqlNdn9d4VrmGUWVyQjkw79ryhI6je9y2jfqNUIZCfqceob+R97YYAoG7C5TFyt8ILdLVoN+L2vw/hSFyA=="],

    "@oxfmt/binding-darwin-x64": ["@oxfmt/binding-darwin-x64@0.35.0", "https://registry.npmmirror.com/@oxfmt/binding-darwin-x64/-/binding-darwin-x64-0.35.0.tgz", { "os": "darwin", "cpu": "x64" }, "sha512-8GmsDcSozTPjrCJeGpp+sCmS9+9V5yRrdEZ1p/sTWxPG5nYeAfSLuS0nuEYjXSO+CtdSbStIW6dxa+4NM58yRw=="],

    "@oxfmt/binding-freebsd-x64": ["@oxfmt/binding-freebsd-x64@0.35.0", "https://registry.npmmirror.com/@oxfmt/binding-freebsd-x64/-/binding-freebsd-x64-0.35.0.tgz", { "os": "freebsd", "cpu": "x64" }, "sha512-QyfKfTe0ytHpFKHAcHCGQEzN45QSqq1AHJOYYxQMgLM3KY4xu8OsXHpCnINjDsV4XGnQzczJDU9e04Zmd8XqIQ=="],

    "@oxfmt/binding-linux-arm-gnueabihf": ["@oxfmt/binding-linux-arm-gnueabihf@0.35.0", "https://registry.npmmirror.com/@oxfmt/binding-linux-arm-gnueabihf/-/binding-linux-arm-gnueabihf-0.35.0.tgz", { "os": "linux", "cpu": "arm" }, "sha512-u+kv3JD6P3J38oOyUaiCqgY5TNESzBRZJ5lyZQ6c2czUW2v5SIN9E/KWWa9vxoc+P8AFXQFUVrdzGy1tK+nbPQ=="],

    "@oxfmt/binding-linux-arm-musleabihf": ["@oxfmt/binding-linux-arm-musleabihf@0.35.0", "https://registry.npmmirror.com/@oxfmt/binding-linux-arm-musleabihf/-/binding-linux-arm-musleabihf-0.35.0.tgz", { "os": "linux", "cpu": "arm" }, "sha512-1NiZroCiV57I7Pf8kOH4XGR366kW5zir3VfSMBU2D0V14GpYjiYmPYFAoJboZvp8ACnZKUReWyMkNKSa5ad58A=="],

    "@oxfmt/binding-linux-arm64-gnu": ["@oxfmt/binding-linux-arm64-gnu@0.35.0", "https://registry.npmmirror.com/@oxfmt/binding-linux-arm64-gnu/-/binding-linux-arm64-gnu-0.35.0.tgz", { "os": "linux", "cpu": "arm64" }, "sha512-7Q0Xeg7ZnW2nxnZ4R7aF6DEbCFls4skgHZg+I63XitpNvJCbVIU8MFOTZlvZGRsY9+rPgWPQGeUpLHlyx0wvMA=="],

    "@oxfmt/binding-linux-arm64-musl": ["@oxfmt/binding-linux-arm64-musl@0.35.0", "https://registry.npmmirror.com/@oxfmt/binding-linux-arm64-musl/-/binding-linux-arm64-musl-0.35.0.tgz", { "os": "linux", "cpu": "arm64" }, "sha512-5Okqi+uhYFxwKz8hcnUftNNwdm8BCkf6GSCbcz9xJxYMm87k1E4p7PEmAAbhLTk7cjSdDre6TDL0pDzNX+Y22Q=="],

    "@oxfmt/binding-linux-ppc64-gnu": ["@oxfmt/binding-linux-ppc64-gnu@0.35.0", "https://registry.npmmirror.com/@oxfmt/binding-linux-ppc64-gnu/-/binding-linux-ppc64-gnu-0.35.0.tgz", { "os": "linux", "cpu": "ppc64" }, "sha512-9k66pbZQXM/lBJWys3Xbc5yhl4JexyfqkEf/tvtq8976VIJnLAAL3M127xHA3ifYSqxdVHfVGTg84eiBHCGcNw=="],

    "@oxfmt/binding-linux-riscv64-gnu": ["@oxfmt/binding-linux-riscv64-gnu@0.35.0", "https://registry.npmmirror.com/@oxfmt/binding-linux-riscv64-gnu/-/binding-linux-riscv64-gnu-0.35.0.tgz", { "os": "linux", "cpu": "none" }, "sha512-aUcY9ofKPtjO52idT6t0SAQvEF6ctjzUQa1lLp7GDsRpSBvuTrBQGeq0rYKz3gN8dMIQ7mtMdGD9tT4LhR8jAQ=="],

    "@oxfmt/binding-linux-riscv64-musl": ["@oxfmt/binding-linux-riscv64-musl@0.35.0", "https://registry.npmmirror.com/@oxfmt/binding-linux-riscv64-musl/-/binding-linux-riscv64-musl-0.35.0.tgz", { "os": "linux", "cpu": "none" }, "sha512-C6yhY5Hvc2sGM+mCPek9ZLe5xRUOC/BvhAt2qIWFAeXMn4il04EYIjl3DsWiJr0xDMTJhvMOmD55xTRPlNp39w=="],

    "@oxfmt/binding-linux-s390x-gnu": ["@oxfmt/binding-linux-s390x-gnu@0.35.0", "https://registry.npmmirror.com/@oxfmt/binding-linux-s390x-gnu/-/binding-linux-s390x-gnu-0.35.0.tgz", { "os": "linux", "cpu": "s390x" }, "sha512-RG2hlvOMK4OMZpO3mt8MpxLQ0AAezlFqhn5mI/g5YrVbPFyoCv9a34AAvbSJS501ocOxlFIRcKEuw5hFvddf9g=="],

    "@oxfmt/binding-linux-x64-gnu": ["@oxfmt/binding-linux-x64-gnu@0.35.0", "https://registry.npmmirror.com/@oxfmt/binding-linux-x64-gnu/-/binding-linux-x64-gnu-0.35.0.tgz", { "os": "linux", "cpu": "x64" }, "sha512-wzmh90Pwvqj9xOKHJjkQYBpydRkaXG77ZvDz+iFDRRQpnqIEqGm5gmim2s6vnZIkDGsvKCuTdtxm0GFmBjM1+w=="],

    "@oxfmt/binding-linux-x64-musl": ["@oxfmt/binding-linux-x64-musl@0.35.0", "https://registry.npmmirror.com/@oxfmt/binding-linux-x64-musl/-/binding-linux-x64-musl-0.35.0.tgz", { "os": "linux", "cpu": "x64" }, "sha512-+HCqYCJPCUy5I+b2cf+gUVaApfgtoQT3HdnSg/l7NIcLHOhKstlYaGyrFZLmUpQt4WkFbpGKZZayG6zjRU0KFA=="],

    "@oxfmt/binding-openharmony-arm64": ["@oxfmt/binding-openharmony-arm64@0.35.0", "https://registry.npmmirror.com/@oxfmt/binding-openharmony-arm64/-/binding-openharmony-arm64-0.35.0.tgz", { "os": "none", "cpu": "arm64" }, "sha512-kFYmWfR9YL78XyO5ws+1dsxNvZoD973qfVMNFOS4e9bcHXGF7DvGC2tY5UDFwyMCeB33t3sDIuGONKggnVNSJA=="],

    "@oxfmt/binding-win32-arm64-msvc": ["@oxfmt/binding-win32-arm64-msvc@0.35.0", "https://registry.npmmirror.com/@oxfmt/binding-win32-arm64-msvc/-/binding-win32-arm64-msvc-0.35.0.tgz", { "os": "win32", "cpu": "arm64" }, "sha512-uD/NGdM65eKNCDGyTGdO8e9n3IHX+wwuorBvEYrPJXhDXL9qz6gzddmXH8EN04ejUXUujlq4FsoSeCfbg0Y+Jg=="],

    "@oxfmt/binding-win32-ia32-msvc": ["@oxfmt/binding-win32-ia32-msvc@0.35.0", "https://registry.npmmirror.com/@oxfmt/binding-win32-ia32-msvc/-/binding-win32-ia32-msvc-0.35.0.tgz", { "os": "win32", "cpu": "ia32" }, "sha512-oSRD2k8J2uxYDEKR2nAE/YTY9PobOEnhZgCmspHu0+yBQ665yH8lFErQVSTE7fcGJmJp/cC6322/gc8VFuQf7g=="],

    "@oxfmt/binding-win32-x64-msvc": ["@oxfmt/binding-win32-x64-msvc@0.35.0", "https://registry.npmmirror.com/@oxfmt/binding-win32-x64-msvc/-/binding-win32-x64-msvc-0.35.0.tgz", { "os": "win32", "cpu": "x64" }, "sha512-WCDJjlS95NboR0ugI2BEwzt1tYvRDorDRM9Lvctls1SLyKYuNRCyrPwp1urUPFBnwgBNn9p2/gnmo7gFMySRoQ=="],

    "@oxlint/binding-android-arm-eabi": ["@oxlint/binding-android-arm-eabi@1.50.0", "https://registry.npmmirror.com/@oxlint/binding-android-arm-eabi/-/binding-android-arm-eabi-1.50.0.tgz", { "os": "android", "cpu": "arm" }, "sha512-G7MRGk/6NCe+L8ntonRdZP7IkBfEpiZ/he3buLK6JkLgMHgJShXZ+BeOwADmspXez7U7F7L1Anf4xLSkLHiGTg=="],

    "@oxlint/binding-android-arm64": ["@oxlint/binding-android-arm64@1.50.0", "https://registry.npmmirror.com/@oxlint/binding-android-arm64/-/binding-android-arm64-1.50.0.tgz", { "os": "android", "cpu": "arm64" }, "sha512-GeSuMoJWCVpovJi/e3xDSNgjeR8WEZ6MCXL6EtPiCIM2NTzv7LbflARINTXTJy2oFBYyvdf/l2PwHzYo6EdXvg=="],

    "@oxlint/binding-darwin-arm64": ["@oxlint/binding-darwin-arm64@1.50.0", "https://registry.npmmirror.com/@oxlint/binding-darwin-arm64/-/binding-darwin-arm64-1.50.0.tgz", { "os": "darwin", "cpu": "arm64" }, "sha512-w3SY5YtxGnxCHPJ8Twl3KmS9oja1gERYk3AMoZ7Hv8P43ZtB6HVfs02TxvarxfL214Tm3uzvc2vn+DhtUNeKnw=="],

    "@oxlint/binding-darwin-x64": ["@oxlint/binding-darwin-x64@1.50.0", "https://registry.npmmirror.com/@oxlint/binding-darwin-x64/-/binding-darwin-x64-1.50.0.tgz", { "os": "darwin", "cpu": "x64" }, "sha512-hNfogDqy7tvmllXKBSlHo6k5x7dhTUVOHbMSE15CCAcXzmqf5883aPvBYPOq9AE7DpDUQUZ1kVE22YbiGW+tuw=="],

    "@oxlint/binding-freebsd-x64": ["@oxlint/binding-freebsd-x64@1.50.0", "https://registry.npmmirror.com/@oxlint/binding-freebsd-x64/-/binding-freebsd-x64-1.50.0.tgz", { "os": "freebsd", "cpu": "x64" }, "sha512-ykZevOWEyu0nsxolA911ucxpEv0ahw8jfEeGWOwwb/VPoE4xoexuTOAiPNlWZNJqANlJl7yp8OyzCtXTUAxotw=="],

    "@oxlint/binding-linux-arm-gnueabihf": ["@oxlint/binding-linux-arm-gnueabihf@1.50.0", "https://registry.npmmirror.com/@oxlint/binding-linux-arm-gnueabihf/-/binding-linux-arm-gnueabihf-1.50.0.tgz", { "os": "linux", "cpu": "arm" }, "sha512-hif3iDk7vo5GGJ4OLCCZAf2vjnU9FztGw4L0MbQL0M2iY9LKFtDMMiQAHmkF0PQGQMVbTYtPdXCLKVgdkiqWXQ=="],

    "@oxlint/binding-linux-arm-musleabihf": ["@oxlint/binding-linux-arm-musleabihf@1.50.0", "https://registry.npmmirror.com/@oxlint/binding-linux-arm-musleabihf/-/binding-linux-arm-musleabihf-1.50.0.tgz", { "os": "linux", "cpu": "arm" }, "sha512-dVp9iSssiGAnTNey2Ruf6xUaQhdnvcFOJyRWd/mu5o2jVbFK15E5fbWGeFRfmuobu5QXuROtFga44+7DOS3PLg=="],

    "@oxlint/binding-linux-arm64-gnu": ["@oxlint/binding-linux-arm64-gnu@1.50.0", "https://registry.npmmirror.com/@oxlint/binding-linux-arm64-gnu/-/binding-linux-arm64-gnu-1.50.0.tgz", { "os": "linux", "cpu": "arm64" }, "sha512-1cT7yz2HA910CKA9NkH1ZJo50vTtmND2fkoW1oyiSb0j6WvNtJ0Wx2zoySfXWc/c+7HFoqRK5AbEoL41LOn9oA=="],

    "@oxlint/binding-linux-arm64-musl": ["@oxlint/binding-linux-arm64-musl@1.50.0", "https://registry.npmmirror.com/@oxlint/binding-linux-arm64-musl/-/binding-linux-arm64-musl-1.50.0.tgz", { "os": "linux", "cpu": "arm64" }, "sha512-++B3k/HEPFVlj89cOz8kWfQccMZB/aWL9AhsW7jPIkG++63Mpwb2cE9XOEsd0PATbIan78k2Gky+09uWM1d/gQ=="],

    "@oxlint/binding-linux-ppc64-gnu": ["@oxlint/binding-linux-ppc64-gnu@1.50.0", "https://registry.npmmirror.com/@oxlint/binding-linux-ppc64-gnu/-/binding-linux-ppc64-gnu-1.50.0.tgz", { "os": "linux", "cpu": "ppc64" }, "sha512-Z9b/KpFMkx66w3gVBqjIC1AJBTZAGoI9+U+K5L4QM0CB/G0JSNC1es9b3Y0Vcrlvtdn8A+IQTkYjd/Q0uCSaZw=="],

    "@oxlint/binding-linux-riscv64-gnu": ["@oxlint/binding-linux-riscv64-gnu@1.50.0", "https://registry.npmmirror.com/@oxlint/binding-linux-riscv64-gnu/-/binding-linux-riscv64-gnu-1.50.0.tgz", { "os": "linux", "cpu": "none" }, "sha512-jvmuIw8wRSohsQlFNIST5uUwkEtEJmOQYr33bf/K2FrFPXHhM4KqGekI3ShYJemFS/gARVacQFgBzzJKCAyJjg=="],

    "@oxlint/binding-linux-riscv64-musl": ["@oxlint/binding-linux-riscv64-musl@1.50.0", "https://registry.npmmirror.com/@oxlint/binding-linux-riscv64-musl/-/binding-linux-riscv64-musl-1.50.0.tgz", { "os": "linux", "cpu": "none" }, "sha512-x+UrN47oYNh90nmAAyql8eQaaRpHbDPu5guasDg10+OpszUQ3/1+1J6zFMmV4xfIEgTcUXG/oI5fxJhF4eWCNA=="],

    "@oxlint/binding-linux-s390x-gnu": ["@oxlint/binding-linux-s390x-gnu@1.50.0", "https://registry.npmmirror.com/@oxlint/binding-linux-s390x-gnu/-/binding-linux-s390x-gnu-1.50.0.tgz", { "os": "linux", "cpu": "s390x" }, "sha512-i/JLi2ljLUIVfekMj4ISmdt+Hn11wzYUdRRrkVUYsCWw7zAy5xV7X9iA+KMyM156LTFympa7s3oKBjuCLoTAUQ=="],

    "@oxlint/binding-linux-x64-gnu": ["@oxlint/binding-linux-x64-gnu@1.50.0", "https://registry.npmmirror.com/@oxlint/binding-linux-x64-gnu/-/binding-linux-x64-gnu-1.50.0.tgz", { "os": "linux", "cpu": "x64" }, "sha512-/C7brhn6c6UUPccgSPCcpLQXcp+xKIW/3sji/5VZ8/OItL3tQ2U7KalHz887UxxSQeEOmd1kY6lrpuwFnmNqOA=="],

    "@oxlint/binding-linux-x64-musl": ["@oxlint/binding-linux-x64-musl@1.50.0", "https://registry.npmmirror.com/@oxlint/binding-linux-x64-musl/-/binding-linux-x64-musl-1.50.0.tgz", { "os": "linux", "cpu": "x64" }, "sha512-oDR1f+bGOYU8LfgtEW8XtotWGB63ghtcxk5Jm6IDTCk++rTA/IRMsjOid2iMd+1bW+nP9Mdsmcdc7VbPD3+iyQ=="],

    "@oxlint/binding-openharmony-arm64": ["@oxlint/binding-openharmony-arm64@1.50.0", "https://registry.npmmirror.com/@oxlint/binding-openharmony-arm64/-/binding-openharmony-arm64-1.50.0.tgz", { "os": "none", "cpu": "arm64" }, "sha512-4CmRGPp5UpvXyu4jjP9Tey/SrXDQLRvZXm4pb4vdZBxAzbFZkCyh0KyRy4txld/kZKTJlW4TO8N1JKrNEk+mWw=="],

    "@oxlint/binding-win32-arm64-msvc": ["@oxlint/binding-win32-arm64-msvc@1.50.0", "https://registry.npmmirror.com/@oxlint/binding-win32-arm64-msvc/-/binding-win32-arm64-msvc-1.50.0.tgz", { "os": "win32", "cpu": "arm64" }, "sha512-Fq0M6vsGcFsSfeuWAACDhd5KJrO85ckbEfe1EGuBj+KPyJz7KeWte2fSFrFGmNKNXyhEMyx4tbgxiWRujBM2KQ=="],

    "@oxlint/binding-win32-ia32-msvc": ["@oxlint/binding-win32-ia32-msvc@1.50.0", "https://registry.npmmirror.com/@oxlint/binding-win32-ia32-msvc/-/binding-win32-ia32-msvc-1.50.0.tgz", { "os": "win32", "cpu": "ia32" }, "sha512-qTdWR9KwY/vxJGhHVIZG2eBOhidOQvOwzDxnX+jhW/zIVacal1nAhR8GLkiywW8BIFDkQKXo/zOfT+/DY+ns/w=="],

    "@oxlint/binding-win32-x64-msvc": ["@oxlint/binding-win32-x64-msvc@1.50.0", "https://registry.npmmirror.com/@oxlint/binding-win32-x64-msvc/-/binding-win32-x64-msvc-1.50.0.tgz", { "os": "win32", "cpu": "x64" }, "sha512-682t7npLC4G2Ca+iNlI9fhAKTcFPYYXJjwoa88H4q+u5HHHlsnL/gHULapX3iqp+A8FIJbgdylL5KMYo2LaluQ=="],

    "@protobufjs/aspromise": ["@protobufjs/aspromise@1.1.2", "https://registry.npmmirror.com/@protobufjs/aspromise/-/aspromise-1.1.2.tgz", {}, "sha512-j+gKExEuLmKwvz3OgROXtrJ2UG2x8Ch2YZUxahh+s1F2HZ+wAceUNLkvy6zKCPVRkU++ZWQrdxsUeQXmcg4uoQ=="],

    "@protobufjs/base64": ["@protobufjs/base64@1.1.2", "https://registry.npmmirror.com/@protobufjs/base64/-/base64-1.1.2.tgz", {}, "sha512-AZkcAA5vnN/v4PDqKyMR5lx7hZttPDgClv83E//FMNhR2TMcLUhfRUBHCmSl0oi9zMgDDqRUJkSxO3wm85+XLg=="],

    "@protobufjs/codegen": ["@protobufjs/codegen@2.0.4", "https://registry.npmmirror.com/@protobufjs/codegen/-/codegen-2.0.4.tgz", {}, "sha512-YyFaikqM5sH0ziFZCN3xDC7zeGaB/d0IUb9CATugHWbd1FRFwWwt4ld4OYMPWu5a3Xe01mGAULCdqhMlPl29Jg=="],

    "@protobufjs/eventemitter": ["@protobufjs/eventemitter@1.1.0", "https://registry.npmmirror.com/@protobufjs/eventemitter/-/eventemitter-1.1.0.tgz", {}, "sha512-j9ednRT81vYJ9OfVuXG6ERSTdEL1xVsNgqpkxMsbIabzSo3goCjDIveeGv5d03om39ML71RdmrGNjG5SReBP/Q=="],

    "@protobufjs/fetch": ["@protobufjs/fetch@1.1.0", "https://registry.npmmirror.com/@protobufjs/fetch/-/fetch-1.1.0.tgz", { "dependencies": { "@protobufjs/aspromise": "^1.1.1", "@protobufjs/inquire": "^1.1.0" } }, "sha512-lljVXpqXebpsijW71PZaCYeIcE5on1w5DlQy5WH6GLbFryLUrBD4932W/E2BSpfRJWseIL4v/KPgBFxDOIdKpQ=="],

    "@protobufjs/float": ["@protobufjs/float@1.0.2", "https://registry.npmmirror.com/@protobufjs/float/-/float-1.0.2.tgz", {}, "sha512-Ddb+kVXlXst9d+R9PfTIxh1EdNkgoRe5tOX6t01f1lYWOvJnSPDBlG241QLzcyPdoNTsblLUdujGSE4RzrTZGQ=="],

    "@protobufjs/inquire": ["@protobufjs/inquire@1.1.0", "https://registry.npmmirror.com/@protobufjs/inquire/-/inquire-1.1.0.tgz", {}, "sha512-kdSefcPdruJiFMVSbn801t4vFK7KB/5gd2fYvrxhuJYg8ILrmn9SKSX2tZdV6V+ksulWqS7aXjBcRXl3wHoD9Q=="],

    "@protobufjs/path": ["@protobufjs/path@1.1.2", "https://registry.npmmirror.com/@protobufjs/path/-/path-1.1.2.tgz", {}, "sha512-6JOcJ5Tm08dOHAbdR3GrvP+yUUfkjG5ePsHYczMFLq3ZmMkAD98cDgcT2iA1lJ9NVwFd4tH/iSSoe44YWkltEA=="],

    "@protobufjs/pool": ["@protobufjs/pool@1.1.0", "https://registry.npmmirror.com/@protobufjs/pool/-/pool-1.1.0.tgz", {}, "sha512-0kELaGSIDBKvcgS4zkjz1PeddatrjYcmMWOlAuAPwAeccUrPHdUqo/J6LiymHHEiJT5NrF1UVwxY14f+fy4WQw=="],

    "@protobufjs/utf8": ["@protobufjs/utf8@1.1.0", "https://registry.npmmirror.com/@protobufjs/utf8/-/utf8-1.1.0.tgz", {}, "sha512-Vvn3zZrhQZkkBE8LSuW3em98c0FwgO4nxzv6OdSxPKJIEKY2bGbHn+mhGIPerzI4twdxaP8/0+06HBpwf345Lw=="],

    "@tron-format/tron": ["@tron-format/tron@0.1.3", "https://registry.npmmirror.com/@tron-format/tron/-/tron-0.1.3.tgz", {}, "sha512-7rQAHdS5QSBMvQuh5M0Vwd/Pc0Dk3vlQa3NfYDh7AAtyNdIJpQMqhz4Gxw95gPPvq156iuR6z0WyfFTt8PEtSA=="],

    "@types/node": ["@types/node@25.3.2", "https://registry.npmmirror.com/@types/node/-/node-25.3.2.tgz", { "dependencies": { "undici-types": "~7.18.0" } }, "sha512-RpV6r/ij22zRRdyBPcxDeKAzH43phWVKEjL2iksqo1Vz3CuBUrgmPpPhALKiRfU7OMCmeeO9vECBMsV0hMTG8Q=="],

    "argparse": ["argparse@2.0.1", "https://registry.npmmirror.com/argparse/-/argparse-2.0.1.tgz", {}, "sha512-8+9WqebbFzpX9OR+Wa6O29asIogeRMzcGtAINdpMHHyAg10f05aSFVBbcEqGf/PXw1EjAZ+q2/bEBg3DvurK3Q=="],

    "asynckit": ["asynckit@0.4.0", "https://registry.npmmirror.com/asynckit/-/asynckit-0.4.0.tgz", {}, "sha512-Oei9OH4tRh0YqU3GxhX79dM/mwVgvbZJaSNaRk+bshkj0S5cfHcgYakreBjrHwatXKbz+IoIdYLxrKim2MjW0Q=="],

    "axios": ["axios@1.13.6", "https://registry.npmmirror.com/axios/-/axios-1.13.6.tgz", { "dependencies": { "follow-redirects": "^1.15.11", "form-data": "^4.0.5", "proxy-from-env": "^1.1.0" } }, "sha512-ChTCHMouEe2kn713WHbQGcuYrr6fXTBiu460OTwWrWob16g1bXn4vtz07Ope7ewMozJAnEquLk5lWQWtBig9DQ=="],

    "call-bind-apply-helpers": ["call-bind-apply-helpers@1.0.2", "https://registry.npmmirror.com/call-bind-apply-helpers/-/call-bind-apply-helpers-1.0.2.tgz", { "dependencies": { "es-errors": "^1.3.0", "function-bind": "^1.1.2" } }, "sha512-Sp1ablJ0ivDkSzjcaJdxEunN5/XvksFJ2sMBFfq6x0ryhQV/2b/KwFe21cMpmHtPOSij8K99/wSfoEuTObmuMQ=="],

    "call-bound": ["call-bound@1.0.4", "https://registry.npmmirror.com/call-bound/-/call-bound-1.0.4.tgz", { "dependencies": { "call-bind-apply-helpers": "^1.0.2", "get-intrinsic": "^1.3.0" } }, "sha512-+ys997U96po4Kx/ABpBCqhA9EuxJaQWDQg7295H4hBphv3IZg0boBKuwYpt4YXp6MZ5AmZQnU/tyMTlRpaSejg=="],

    "combined-stream": ["combined-stream@1.0.8", "https://registry.npmmirror.com/combined-stream/-/combined-stream-1.0.8.tgz", { "dependencies": { "delayed-stream": "~1.0.0" } }, "sha512-FQN4MRfuJeHf7cBbBMJFXhKSDq+2kAArBlmRBvcvFE5BB1HZKXtSFASDhdlz9zOYwxh8lDdnvmMOe/+5cdoEdg=="],

    "dayjs": ["dayjs@1.11.19", "https://registry.npmmirror.com/dayjs/-/dayjs-1.11.19.tgz", {}, "sha512-t5EcLVS6QPBNqM2z8fakk/NKel+Xzshgt8FFKAn+qwlD1pzZWxh0nVCrvFK7ZDb6XucZeF9z8C7CBWTRIVApAw=="],

    "delayed-stream": ["delayed-stream@1.0.0", "https://registry.npmmirror.com/delayed-stream/-/delayed-stream-1.0.0.tgz", {}, "sha512-ZySD7Nf91aLB0RxL4KGrKHBXl7Eds1DAmEdcoVawXnLD7SDhpNgtuII2aAkg7a7QS41jxPSZ17p4VdGnMHk3MQ=="],

    "dunder-proto": ["dunder-proto@1.0.1", "https://registry.npmmirror.com/dunder-proto/-/dunder-proto-1.0.1.tgz", { "dependencies": { "call-bind-apply-helpers": "^1.0.1", "es-errors": "^1.3.0", "gopd": "^1.2.0" } }, "sha512-KIN/nDJBQRcXw0MLVhZE9iQHmG68qAVIBg9CqmUYjmQIhgij9U5MFvrqkUL5FbtyyzZuOeOt0zdeRe4UY7ct+A=="],

    "entities": ["entities@4.5.0", "", {}, "sha512-V0hjH4dGPh9Ao5p0MoRY6BVqtwCjhz6vI5LT8AJ55H+4g9/4vbHx1I54fS0XuclLhDHArPQCiMjDxjaL8fPxhw=="],

    "es-define-property": ["es-define-property@1.0.1", "https://registry.npmmirror.com/es-define-property/-/es-define-property-1.0.1.tgz", {}, "sha512-e3nRfgfUZ4rNGL232gUgX06QNyyez04KdjFrF+LTRoOXmrOgFKDg4BCdsjW8EnT69eqdYGmRpJwiPVYNrCaW3g=="],

    "es-errors": ["es-errors@1.3.0", "https://registry.npmmirror.com/es-errors/-/es-errors-1.3.0.tgz", {}, "sha512-Zf5H2Kxt2xjTvbJvP2ZWLEICxA6j+hAmMzIlypy4xcBg1vKVnx89Wy0GbS+kf5cwCVFFzdCFh2XSCFNULS6csw=="],

    "es-object-atoms": ["es-object-atoms@1.1.1", "https://registry.npmmirror.com/es-object-atoms/-/es-object-atoms-1.1.1.tgz", { "dependencies": { "es-errors": "^1.3.0" } }, "sha512-FGgH2h8zKNim9ljj7dankFPcICIK9Cp5bm+c2gQSYePhpaG5+esrLODihIorn+Pe6FGJzWhXQotPv73jTaldXA=="],

    "es-set-tostringtag": ["es-set-tostringtag@2.1.0", "https://registry.npmmirror.com/es-set-tostringtag/-/es-set-tostringtag-2.1.0.tgz", { "dependencies": { "es-errors": "^1.3.0", "get-intrinsic": "^1.2.6", "has-tostringtag": "^1.0.2", "hasown": "^2.0.2" } }, "sha512-j6vWzfrGVfyXxge+O0x5sh6cvxAog0a/4Rdd2K36zCMV5eJ+/+tOAngRO8cODMNWbVRdVlmGZQL2YS3yR8bIUA=="],

    "follow-redirects": ["follow-redirects@1.15.11", "https://registry.npmmirror.com/follow-redirects/-/follow-redirects-1.15.11.tgz", {}, "sha512-deG2P0JfjrTxl50XGCDyfI97ZGVCxIpfKYmfyrQ54n5FO/0gfIES8C/Psl6kWVDolizcaaxZJnTS0QSMxvnsBQ=="],

    "form-data": ["form-data@4.0.5", "https://registry.npmmirror.com/form-data/-/form-data-4.0.5.tgz", { "dependencies": { "asynckit": "^0.4.0", "combined-stream": "^1.0.8", "es-set-tostringtag": "^2.1.0", "hasown": "^2.0.2", "mime-types": "^2.1.12" } }, "sha512-8RipRLol37bNs2bhoV67fiTEvdTrbMUYcFTiy3+wuuOnUog2QBHCZWXDRijWQfAkhBj2Uf5UnVaiWwA5vdd82w=="],

    "function-bind": ["function-bind@1.1.2", "https://registry.npmmirror.com/function-bind/-/function-bind-1.1.2.tgz", {}, "sha512-7XHNxH7qX9xG5mIwxkhumTox/MIRNcOgDrxWsMt2pAr23WHp6MrRlN7FBSFpCpr+oVO0F744iUgR82nJMfG2SA=="],

    "get-intrinsic": ["get-intrinsic@1.3.0", "https://registry.npmmirror.com/get-intrinsic/-/get-intrinsic-1.3.0.tgz", { "dependencies": { "call-bind-apply-helpers": "^1.0.2", "es-define-property": "^1.0.1", "es-errors": "^1.3.0", "es-object-atoms": "^1.1.1", "function-bind": "^1.1.2", "get-proto": "^1.0.1", "gopd": "^1.2.0", "has-symbols": "^1.1.0", "hasown": "^2.0.2", "math-intrinsics": "^1.1.0" } }, "sha512-9fSjSaos/fRIVIp+xSJlE6lfwhES7LNtKaCBIamHsjr2na1BiABJPo0mOjjz8GJDURarmCPGqaiVg5mfjb98CQ=="],

    "get-proto": ["get-proto@1.0.1", "https://registry.npmmirror.com/get-proto/-/get-proto-1.0.1.tgz", { "dependencies": { "dunder-proto": "^1.0.1", "es-object-atoms": "^1.0.0" } }, "sha512-sTSfBjoXBp89JvIKIefqw7U2CCebsc74kiY6awiGogKtoSGbgjYE/G/+l9sF3MWFPNc9IcoOC4ODfKHfxFmp0g=="],

    "gopd": ["gopd@1.2.0", "https://registry.npmmirror.com/gopd/-/gopd-1.2.0.tgz", {}, "sha512-ZUKRh6/kUFoAiTAtTYPZJ3hw9wNxx+BIBOijnlG9PnrJsCcSjs1wyyD6vJpaYtgnzDrKYRSqf3OO6Rfa93xsRg=="],

    "has-symbols": ["has-symbols@1.1.0", "https://registry.npmmirror.com/has-symbols/-/has-symbols-1.1.0.tgz", {}, "sha512-1cDNdwJ2Jaohmb3sg4OmKaMBwuC48sYni5HUw2DvsC8LjGTLK9h+eb1X6RyuOHe4hT0ULCW68iomhjUoKUqlPQ=="],

    "has-tostringtag": ["has-tostringtag@1.0.2", "https://registry.npmmirror.com/has-tostringtag/-/has-tostringtag-1.0.2.tgz", { "dependencies": { "has-symbols": "^1.0.3" } }, "sha512-NqADB8VjPFLM2V0VvHUewwwsw0ZWBaIdgo+ieHtK3hasLz4qeCRjYcqfB6AQrBggRKppKF8L52/VqdVsO47Dlw=="],

    "hasown": ["hasown@2.0.2", "https://registry.npmmirror.com/hasown/-/hasown-2.0.2.tgz", { "dependencies": { "function-bind": "^1.1.2" } }, "sha512-0hJU9SCPvmMzIBdZFqNPXWa6dqh7WdH0cII9y+CyS8rG3nL48Bclra9HmKhVVUHyPWNH5Y7xDwAB7bfgSjkUMQ=="],

    "js-yaml": ["js-yaml@4.1.1", "https://registry.npmmirror.com/js-yaml/-/js-yaml-4.1.1.tgz", { "dependencies": { "argparse": "^2.0.1" }, "bin": { "js-yaml": "bin/js-yaml.js" } }, "sha512-qQKT4zQxXl8lLwBtHMWwaTcGfFOZviOJet3Oy/xmGk2gZH677CJM9EvtfdSkgWcATZhj/55JZ0rmy3myCT5lsA=="],

    "jsbi": ["jsbi@4.3.2", "https://registry.npmmirror.com/jsbi/-/jsbi-4.3.2.tgz", {}, "sha512-9fqMSQbhJykSeii05nxKl4m6Eqn2P6rOlYiS+C5Dr/HPIU/7yZxu5qzbs40tgaFORiw2Amd0mirjxatXYMkIew=="],

    "linkify-it": ["linkify-it@5.0.0", "", { "dependencies": { "uc.micro": "^2.0.0" } }, "sha512-5aHCbzQRADcdP+ATqnDuhhJ/MRIqDkZX5pyjFHRRysS8vZ5AbqGEoFIb6pYHPZ+L/OC2Lc+xT8uHVVR5CAK/wQ=="],

    "lodash-es": ["lodash-es@4.17.23", "https://registry.npmmirror.com/lodash-es/-/lodash-es-4.17.23.tgz", {}, "sha512-kVI48u3PZr38HdYz98UmfPnXl2DXrpdctLrFLCd3kOx1xUkOmpFPx7gCWWM5MPkL/fD8zb+Ph0QzjGFs4+hHWg=="],

    "lodash.identity": ["lodash.identity@3.0.0", "https://registry.npmmirror.com/lodash.identity/-/lodash.identity-3.0.0.tgz", {}, "sha512-AupTIzdLQxJS5wIYUQlgGyk2XRTfGXA+MCghDHqZk0pzUNYvd3EESS6dkChNauNYVIutcb0dfHw1ri9Q1yPV8Q=="],

    "lodash.merge": ["lodash.merge@4.6.2", "https://registry.npmmirror.com/lodash.merge/-/lodash.merge-4.6.2.tgz", {}, "sha512-0KpjqXRVvrYyCsX1swR/XTK0va6VQkQM6MNo7PqW77ByjAhoARA8EfrP1N4+KlKj8YS0ZUCtRT/YUuhyYDujIQ=="],

    "lodash.pickby": ["lodash.pickby@4.6.0", "https://registry.npmmirror.com/lodash.pickby/-/lodash.pickby-4.6.0.tgz", {}, "sha512-AZV+GsS/6ckvPOVQPXSiFFacKvKB4kOQu6ynt9wz0F3LO4R9Ij4K1ddYsIytDpSgLz88JHd9P+oaLeej5/Sl7Q=="],

    "long": ["long@5.3.2", "https://registry.npmmirror.com/long/-/long-5.3.2.tgz", {}, "sha512-mNAgZ1GmyNhD7AuqnTG3/VQ26o760+ZYBPKjPvugO8+nLbYfX6TVpJPseBvopbdY+qpZ/lKUnmEc1LeZYS3QAA=="],

    "markdown-it": ["markdown-it@14.1.1", "", { "dependencies": { "argparse": "^2.0.1", "entities": "^4.4.0", "linkify-it": "^5.0.0", "mdurl": "^2.0.0", "punycode.js": "^2.3.1", "uc.micro": "^2.1.0" }, "bin": { "markdown-it": "bin/markdown-it.mjs" } }, "sha512-BuU2qnTti9YKgK5N+IeMubp14ZUKUUw7yeJbkjtosvHiP0AZ5c8IAgEMk79D0eC8F23r4Ac/q8cAIFdm2FtyoA=="],

    "markdown-table": ["markdown-table@3.0.4", "", {}, "sha512-wiYz4+JrLyb/DqW2hkFJxP7Vd7JuTDm77fvbM8VfEQdmSMqcImWeeRbHwZjBjIFki/VaMK2BhFi7oUUZeM5bqw=="],

    "math-intrinsics": ["math-intrinsics@1.1.0", "https://registry.npmmirror.com/math-intrinsics/-/math-intrinsics-1.1.0.tgz", {}, "sha512-/IXtbwEk5HTPyEwyKX6hGkYXxM9nbj64B+ilVJnC/R6B0pH5G4V3b0pVbL7DBj4tkhBAppbQUlf6F6Xl9LHu1g=="],

    "mdurl": ["mdurl@2.0.0", "", {}, "sha512-Lf+9+2r+Tdp5wXDXC4PcIBjTDtq4UKjCPMQhKIuzpJNW0b96kVqSwW0bT7FhRSfmAiFYgP+SCRvdrDozfh0U5w=="],

    "mime-db": ["mime-db@1.52.0", "https://registry.npmmirror.com/mime-db/-/mime-db-1.52.0.tgz", {}, "sha512-sPU4uV7dYlvtWJxwwxHD0PuihVNiE7TyAbQ5SWxDCB9mUYvOgroQOwYQQOKPJ8CIbE+1ETVlOoK1UC2nU3gYvg=="],

    "mime-types": ["mime-types@2.1.35", "https://registry.npmmirror.com/mime-types/-/mime-types-2.1.35.tgz", { "dependencies": { "mime-db": "1.52.0" } }, "sha512-ZDY+bPm5zTTF+YpCrAU9nK0UgICYPT0QtT1NZWFv4s++TNkcgVaT0g6+4R2uI4MjQjzysHB1zxuWL50hzaeXiw=="],

    "object-inspect": ["object-inspect@1.13.4", "https://registry.npmmirror.com/object-inspect/-/object-inspect-1.13.4.tgz", {}, "sha512-W67iLl4J2EXEGTbfeHCffrjDfitvLANg0UlX3wFUUSTx92KXRFegMHUVgSqE+wvhAbi4WqjGg9czysTV2Epbew=="],

    "oxfmt": ["oxfmt@0.35.0", "https://registry.npmmirror.com/oxfmt/-/oxfmt-0.35.0.tgz", { "dependencies": { "tinypool": "2.1.0" }, "optionalDependencies": { "@oxfmt/binding-android-arm-eabi": "0.35.0", "@oxfmt/binding-android-arm64": "0.35.0", "@oxfmt/binding-darwin-arm64": "0.35.0", "@oxfmt/binding-darwin-x64": "0.35.0", "@oxfmt/binding-freebsd-x64": "0.35.0", "@oxfmt/binding-linux-arm-gnueabihf": "0.35.0", "@oxfmt/binding-linux-arm-musleabihf": "0.35.0", "@oxfmt/binding-linux-arm64-gnu": "0.35.0", "@oxfmt/binding-linux-arm64-musl": "0.35.0", "@oxfmt/binding-linux-ppc64-gnu": "0.35.0", "@oxfmt/binding-linux-riscv64-gnu": "0.35.0", "@oxfmt/binding-linux-riscv64-musl": "0.35.0", "@oxfmt/binding-linux-s390x-gnu": "0.35.0", "@oxfmt/binding-linux-x64-gnu": "0.35.0", "@oxfmt/binding-linux-x64-musl": "0.35.0", "@oxfmt/binding-openharmony-arm64": "0.35.0", "@oxfmt/binding-win32-arm64-msvc": "0.35.0", "@oxfmt/binding-win32-ia32-msvc": "0.35.0", "@oxfmt/binding-win32-x64-msvc": "0.35.0" }, "bin": { "oxfmt": "bin/oxfmt" } }, "sha512-QYeXWkP+aLt7utt5SLivNIk09glWx9QE235ODjgcEZ3sd1VMaUBSpLymh6ZRCA76gD2rMP4bXanUz/fx+nLM9Q=="],

    "oxlint": ["oxlint@1.50.0", "https://registry.npmmirror.com/oxlint/-/oxlint-1.50.0.tgz", { "optionalDependencies": { "@oxlint/binding-android-arm-eabi": "1.50.0", "@oxlint/binding-android-arm64": "1.50.0", "@oxlint/binding-darwin-arm64": "1.50.0", "@oxlint/binding-darwin-x64": "1.50.0", "@oxlint/binding-freebsd-x64": "1.50.0", "@oxlint/binding-linux-arm-gnueabihf": "1.50.0", "@oxlint/binding-linux-arm-musleabihf": "1.50.0", "@oxlint/binding-linux-arm64-gnu": "1.50.0", "@oxlint/binding-linux-arm64-musl": "1.50.0", "@oxlint/binding-linux-ppc64-gnu": "1.50.0", "@oxlint/binding-linux-riscv64-gnu": "1.50.0", "@oxlint/binding-linux-riscv64-musl": "1.50.0", "@oxlint/binding-linux-s390x-gnu": "1.50.0", "@oxlint/binding-linux-x64-gnu": "1.50.0", "@oxlint/binding-linux-x64-musl": "1.50.0", "@oxlint/binding-openharmony-arm64": "1.50.0", "@oxlint/binding-win32-arm64-msvc": "1.50.0", "@oxlint/binding-win32-ia32-msvc": "1.50.0", "@oxlint/binding-win32-x64-msvc": "1.50.0" }, "peerDependencies": { "oxlint-tsgolint": ">=0.14.1" }, "optionalPeers": ["oxlint-tsgolint"], "bin": { "oxlint": "bin/oxlint" } }, "sha512-iSJ4IZEICBma8cZX7kxIIz9PzsYLF2FaLAYN6RKu7VwRVKdu7RIgpP99bTZaGl//Yao7fsaGZLSEo5xBrI5ReQ=="],

    "protobufjs": ["protobufjs@7.5.4", "https://registry.npmmirror.com/protobufjs/-/protobufjs-7.5.4.tgz", { "dependencies": { "@protobufjs/aspromise": "^1.1.2", "@protobufjs/base64": "^1.1.2", "@protobufjs/codegen": "^2.0.4", "@protobufjs/eventemitter": "^1.1.0", "@protobufjs/fetch": "^1.1.0", "@protobufjs/float": "^1.0.2", "@protobufjs/inquire": "^1.1.0", "@protobufjs/path": "^1.1.2", "@protobufjs/pool": "^1.1.0", "@protobufjs/utf8": "^1.1.0", "@types/node": ">=13.7.0", "long": "^5.0.0" } }, "sha512-CvexbZtbov6jW2eXAvLukXjXUW1TzFaivC46BpWc/3BpcCysb5Vffu+B3XHMm8lVEuy2Mm4XGex8hBSg1yapPg=="],

    "proxy-from-env": ["proxy-from-env@1.1.0", "https://registry.npmmirror.com/proxy-from-env/-/proxy-from-env-1.1.0.tgz", {}, "sha512-D+zkORCbA9f1tdWRK0RaCR3GPv50cMxcrz4X8k5LTSUD1Dkw47mKJEZQNunItRTkWwgtaUSo1RVFRIG9ZXiFYg=="],

    "punycode.js": ["punycode.js@2.3.1", "", {}, "sha512-uxFIHU0YlHYhDQtV4R9J6a52SLx28BCjT+4ieh7IGbgwVJWO+km431c4yRlREUAsAmt/uMjQUyQHNEPf0M39CA=="],

    "qs": ["qs@6.15.0", "https://registry.npmmirror.com/qs/-/qs-6.15.0.tgz", { "dependencies": { "side-channel": "^1.1.0" } }, "sha512-mAZTtNCeetKMH+pSjrb76NAM8V9a05I9aBZOHztWy/UqcJdQYNsf59vrRKWnojAT9Y+GbIvoTBC++CPHqpDBhQ=="],

    "side-channel": ["side-channel@1.1.0", "https://registry.npmmirror.com/side-channel/-/side-channel-1.1.0.tgz", { "dependencies": { "es-errors": "^1.3.0", "object-inspect": "^1.13.3", "side-channel-list": "^1.0.0", "side-channel-map": "^1.0.1", "side-channel-weakmap": "^1.0.2" } }, "sha512-ZX99e6tRweoUXqR+VBrslhda51Nh5MTQwou5tnUDgbtyM0dBgmhEDtWGP/xbKn6hqfPRHujUNwz5fy/wbbhnpw=="],

    "side-channel-list": ["side-channel-list@1.0.0", "https://registry.npmmirror.com/side-channel-list/-/side-channel-list-1.0.0.tgz", { "dependencies": { "es-errors": "^1.3.0", "object-inspect": "^1.13.3" } }, "sha512-FCLHtRD/gnpCiCHEiJLOwdmFP+wzCmDEkc9y7NsYxeF4u7Btsn1ZuwgwJGxImImHicJArLP4R0yX4c2KCrMrTA=="],

    "side-channel-map": ["side-channel-map@1.0.1", "https://registry.npmmirror.com/side-channel-map/-/side-channel-map-1.0.1.tgz", { "dependencies": { "call-bound": "^1.0.2", "es-errors": "^1.3.0", "get-intrinsic": "^1.2.5", "object-inspect": "^1.13.3" } }, "sha512-VCjCNfgMsby3tTdo02nbjtM/ewra6jPHmpThenkTYh8pG9ucZ/1P8So4u4FGBek/BjpOVsDCMoLA/iuBKIFXRA=="],

    "side-channel-weakmap": ["side-channel-weakmap@1.0.2", "https://registry.npmmirror.com/side-channel-weakmap/-/side-channel-weakmap-1.0.2.tgz", { "dependencies": { "call-bound": "^1.0.2", "es-errors": "^1.3.0", "get-intrinsic": "^1.2.5", "object-inspect": "^1.13.3", "side-channel-map": "^1.0.1" } }, "sha512-WPS/HvHQTYnHisLo9McqBHOJk2FkHO/tlpvldyrnem4aeQp4hai3gythswg6p01oSoTl58rcpiFAjF2br2Ak2A=="],

    "tinypool": ["tinypool@2.1.0", "https://registry.npmmirror.com/tinypool/-/tinypool-2.1.0.tgz", {}, "sha512-Pugqs6M0m7Lv1I7FtxN4aoyToKg1C4tu+/381vH35y8oENM/Ai7f7C4StcoK4/+BSw9ebcS8jRiVrORFKCALLw=="],

    "uc.micro": ["uc.micro@2.1.0", "", {}, "sha512-ARDJmphmdvUk6Glw7y9DQ2bFkKBHwQHLi2lsaH6PPmz/Ka9sFOBsBluozhDltWmnv9u/cF6Rt87znRTPV+yp/A=="],

    "undici-types": ["undici-types@7.18.2", "https://registry.npmmirror.com/undici-types/-/undici-types-7.18.2.tgz", {}, "sha512-AsuCzffGHJybSaRrmr5eHr81mwJU3kjw6M+uprWvCXiNeN9SOGwQ3Jn8jb8m3Z6izVgknn1R0FTCEAP2QrLY/w=="],

    "ws": ["ws@8.19.0", "https://registry.npmmirror.com/ws/-/ws-8.19.0.tgz", { "peerDependencies": { "bufferutil": "^4.0.1", "utf-8-validate": ">=5.0.2" }, "optionalPeers": ["bufferutil", "utf-8-validate"] }, "sha512-blAT2mjOEIi0ZzruJfIhb3nps74PRWTCz1IjglWEEpQl5XS/UNama6u2/rjFkDDouqr4L67ry+1aGIALViWjDg=="],

    "@3-/retry/@3-/sleep": ["@3-/sleep@0.0.3", "https://registry.npmmirror.com/@3-/sleep/-/sleep-0.0.3.tgz", {}, "sha512-QcbMvCjN1iylVzOv8VGuAwHKFtRxbNmAenYc9OfvxA/Dl9vyBoSGO3bRovLkYL2jm4lx/R33SPJ8f6JwpKbC+w=="],
  }
}
